// !$*UTF8*$!
{
	archiveVersion = 1;
	classes = {
	};
	objectVersion = 50;
	objects = {

/* Begin PBXBuildFile section */
		616A98112125CCCA001FB9B8 /* AppDelegate.swift in Sources */ = {isa = PBXBuildFile; fileRef = 616A98102125CCCA001FB9B8 /* AppDelegate.swift */; };
		616A98132125CCCA001FB9B8 /* ChooseATest.swift in Sources */ = {isa = PBXBuildFile; fileRef = 616A98122125CCCA001FB9B8 /* ChooseATest.swift */; };
		616A98162125CCCA001FB9B8 /* Main.storyboard in Resources */ = {isa = PBXBuildFile; fileRef = 616A98142125CCCA001FB9B8 /* Main.storyboard */; };
		616A98182125CCCC001FB9B8 /* Assets.xcassets in Resources */ = {isa = PBXBuildFile; fileRef = 616A98172125CCCC001FB9B8 /* Assets.xcassets */; };
		616A981B2125CCCC001FB9B8 /* LaunchScreen.storyboard in Resources */ = {isa = PBXBuildFile; fileRef = 616A98192125CCCC001FB9B8 /* LaunchScreen.storyboard */; };
		616A98232125DB45001FB9B8 /* TestCell.swift in Sources */ = {isa = PBXBuildFile; fileRef = 616A98222125DB45001FB9B8 /* TestCell.swift */; };
		616A98252126A0AC001FB9B8 /* WordTest.swift in Sources */ = {isa = PBXBuildFile; fileRef = 616A98242126A0AC001FB9B8 /* WordTest.swift */; };
/* End PBXBuildFile section */

/* Begin PBXFileReference section */
		616A980D2125CCCA001FB9B8 /* WeakWords.app */ = {isa = PBXFileReference; explicitFileType = wrapper.application; includeInIndex = 0; path = WeakWords.app; sourceTree = BUILT_PRODUCTS_DIR; };
		616A98102125CCCA001FB9B8 /* AppDelegate.swift */ = {isa = PBXFileReference; lastKnownFileType = sourcecode.swift; path = AppDelegate.swift; sourceTree = "<group>"; };
		616A98122125CCCA001FB9B8 /* ChooseATest.swift */ = {isa = PBXFileReference; lastKnownFileType = sourcecode.swift; path = ChooseATest.swift; sourceTree = "<group>"; };
		616A98152125CCCA001FB9B8 /* Base */ = {isa = PBXFileReference; lastKnownFileType = file.storyboard; name = Base; path = Base.lproj/Main.storyboard; sourceTree = "<group>"; };
		616A98172125CCCC001FB9B8 /* Assets.xcassets */ = {isa = PBXFileReference; lastKnownFileType = folder.assetcatalog; path = Assets.xcassets; sourceTree = "<group>"; };
		616A981A2125CCCC001FB9B8 /* Base */ = {isa = PBXFileReference; lastKnownFileType = file.storyboard; name = Base; path = Base.lproj/LaunchScreen.storyboard; sourceTree = "<group>"; };
		616A981C2125CCCC001FB9B8 /* Info.plist */ = {isa = PBXFileReference; lastKnownFileType = text.plist.xml; path = Info.plist; sourceTree = "<group>"; };
		616A98222125DB45001FB9B8 /* TestCell.swift */ = {isa = PBXFileReference; lastKnownFileType = sourcecode.swift; path = TestCell.swift; sourceTree = "<group>"; };
		616A98242126A0AC001FB9B8 /* WordTest.swift */ = {isa = PBXFileReference; lastKnownFileType = sourcecode.swift; path = WordTest.swift; sourceTree = "<group>"; };
/* End PBXFileReference section */

/* Begin PBXFrameworksBuildPhase section */
		616A980A2125CCCA001FB9B8 /* Frameworks */ = {
			isa = PBXFrameworksBuildPhase;
			buildActionMask = 2147483647;
			files = (
			);
			runOnlyForDeploymentPostprocessing = 0;
		};
/* End PBXFrameworksBuildPhase section */

/* Begin PBXGroup section */
		616A98042125CCCA001FB9B8 = {
			isa = PBXGroup;
			children = (
				616A980F2125CCCA001FB9B8 /* WeakWords */,
				616A980E2125CCCA001FB9B8 /* Products */,
			);
			sourceTree = "<group>";
		};
		616A980E2125CCCA001FB9B8 /* Products */ = {
			isa = PBXGroup;
			children = (
				616A980D2125CCCA001FB9B8 /* WeakWords.app */,
			);
			name = Products;
			sourceTree = "<group>";
		};
		616A980F2125CCCA001FB9B8 /* WeakWords */ = {
			isa = PBXGroup;
			children = (
				616A98102125CCCA001FB9B8 /* AppDelegate.swift */,
				616A98122125CCCA001FB9B8 /* ChooseATest.swift */,
				616A98142125CCCA001FB9B8 /* Main.storyboard */,
				616A98172125CCCC001FB9B8 /* Assets.xcassets */,
				616A98192125CCCC001FB9B8 /* LaunchScreen.storyboard */,
				616A981C2125CCCC001FB9B8 /* Info.plist */,
				616A98222125DB45001FB9B8 /* TestCell.swift */,
				616A98242126A0AC001FB9B8 /* WordTest.swift */,
			);
			path = WeakWords;
			sourceTree = "<group>";
		};
/* End PBXGroup section */

/* Begin PBXNativeTarget section */
		616A980C2125CCCA001FB9B8 /* WeakWords */ = {
			isa = PBXNativeTarget;
			buildConfigurationList = 616A981F2125CCCC001FB9B8 /* Build configuration list for PBXNativeTarget "WeakWords" */;
			buildPhases = (
				616A98092125CCCA001FB9B8 /* Sources */,
				616A980A2125CCCA001FB9B8 /* Frameworks */,
				616A980B2125CCCA001FB9B8 /* Resources */,
			);
			buildRules = (
			);
			dependencies = (
			);
			name = WeakWords;
			productName = WeakWords;
			productReference = 616A980D2125CCCA001FB9B8 /* WeakWords.app */;
			productType = "com.apple.product-type.application";
		};
/* End PBXNativeTarget section */

/* Begin PBXProject section */
		616A98052125CCCA001FB9B8 /* Project object */ = {
			isa = PBXProject;
			attributes = {
				LastSwiftUpdateCheck = 0940;
				LastUpgradeCheck = 0940;
				ORGANIZATIONNAME = ThinkCulture;
				TargetAttributes = {
					616A980C2125CCCA001FB9B8 = {
						CreatedOnToolsVersion = 9.4.1;
						SystemCapabilities = {
							com.apple.BackgroundModes = {
								enabled = 0;
							};
						};
					};
				};
			};
			buildConfigurationList = 616A98082125CCCA001FB9B8 /* Build configuration list for PBXProject "WeakWords" */;
			compatibilityVersion = "Xcode 9.3";
			developmentRegion = en;
			hasScannedForEncodings = 0;
			knownRegions = (
				en,
				Base,
			);
			mainGroup = 616A98042125CCCA001FB9B8;
			productRefGroup = 616A980E2125CCCA001FB9B8 /* Products */;
			projectDirPath = "";
			projectRoot = "";
			targets = (
				616A980C2125CCCA001FB9B8 /* WeakWords */,
			);
		};
/* End PBXProject section */

/* Begin PBXResourcesBuildPhase section */
		616A980B2125CCCA001FB9B8 /* Resources */ = {
			isa = PBXResourcesBuildPhase;
			buildActionMask = 2147483647;
			files = (
				616A981B2125CCCC001FB9B8 /* LaunchScreen.storyboard in Resources */,
				616A98182125CCCC001FB9B8 /* Assets.xcassets in Resources */,
				616A98162125CCCA001FB9B8 /* Main.storyboard in Resources */,
			);
			runOnlyForDeploymentPostprocessing = 0;
		};
/* End PBXResourcesBuildPhase section */

/* Begin PBXSourcesBuildPhase section */
		616A98092125CCCA001FB9B8 /* Sources */ = {
			isa = PBXSourcesBuildPhase;
			buildActionMask = 2147483647;
			files = (
				616A98132125CCCA001FB9B8 /* ChooseATest.swift in Sources */,
				616A98252126A0AC001FB9B8 /* WordTest.swift in Sources */,
				616A98232125DB45001FB9B8 /* TestCell.swift in Sources */,
				616A98112125CCCA001FB9B8 /* AppDelegate.swift in Sources */,
			);
			runOnlyForDeploymentPostprocessing = 0;
		};
/* End PBXSourcesBuildPhase section */

/* Begin PBXVariantGroup section */
		616A98142125CCCA001FB9B8 /* Main.storyboard */ = {
			isa = PBXVariantGroup;
			children = (
				616A98152125CCCA001FB9B8 /* Base */,
			);
			name = Main.storyboard;
			sourceTree = "<group>";
		};
		616A98192125CCCC001FB9B8 /* LaunchScreen.storyboard */ = {
			isa = PBXVariantGroup;
			children = (
				616A981A2125CCCC001FB9B8 /* Base */,
			);
			name = LaunchScreen.storyboard;
			sourceTree = "<group>";
		};
/* End PBXVariantGroup section */

/* Begin XCBuildConfiguration section */
		616A981D2125CCCC001FB9B8 /* Debug */ = {
			isa = XCBuildConfiguration;
			buildSettings = {
				ALWAYS_SEARCH_USER_PATHS = NO;
				CLANG_ANALYZER_NONNULL = YES;
				CLANG_ANALYZER_NUMBER_OBJECT_CONVERSION = YES_AGGRESSIVE;
				CLANG_CXX_LANGUAGE_STANDARD = "gnu++14";
				CLANG_CXX_LIBRARY = "libc++";
				CLANG_ENABLE_MODULES = YES;
				CLANG_ENABLE_OBJC_ARC = YES;
				CLANG_ENABLE_OBJC_WEAK = YES;
				CLANG_WARN_BLOCK_CAPTURE_AUTORELEASING = YES;
				CLANG_WARN_BOOL_CONVERSION = YES;
				CLANG_WARN_COMMA = YES;
				CLANG_WARN_CONSTANT_CONVERSION = YES;
				CLANG_WARN_DEPRECATED_OBJC_IMPLEMENTATIONS = YES;
				CLANG_WARN_DIRECT_OBJC_ISA_USAGE = YES_ERROR;
				CLANG_WARN_DOCUMENTATION_COMMENTS = YES;
				CLANG_WARN_EMPTY_BODY = YES;
				CLANG_WARN_ENUM_CONVERSION = YES;
				CLANG_WARN_INFINITE_RECURSION = YES;
				CLANG_WARN_INT_CONVERSION = YES;
				CLANG_WARN_NON_LITERAL_NULL_CONVERSION = YES;
				CLANG_WARN_OBJC_IMPLICIT_RETAIN_SELF = YES;
				CLANG_WARN_OBJC_LITERAL_CONVERSION = YES;
				CLANG_WARN_OBJC_ROOT_CLASS = YES_ERROR;
				CLANG_WARN_RANGE_LOOP_ANALYSIS = YES;
				CLANG_WARN_STRICT_PROTOTYPES = YES;
				CLANG_WARN_SUSPICIOUS_MOVE = YES;
				CLANG_WARN_UNGUARDED_AVAILABILITY = YES_AGGRESSIVE;
				CLANG_WARN_UNREACHABLE_CODE = YES;
				CLANG_WARN__DUPLICATE_METHOD_MATCH = YES;
				CODE_SIGN_IDENTITY = "iPhone Developer";
				COPY_PHASE_STRIP = NO;
				DEBUG_INFORMATION_FORMAT = dwarf;
				ENABLE_STRICT_OBJC_MSGSEND = YES;
				ENABLE_TESTABILITY = YES;
				GCC_C_LANGUAGE_STANDARD = gnu11;
				GCC_DYNAMIC_NO_PIC = NO;
				GCC_NO_COMMON_BLOCKS = YES;
				GCC_OPTIMIZATION_LEVEL = 0;
				GCC_PREPROCESSOR_DEFINITIONS = (
					"DEBUG=1",
					"$(inherited)",
				);
				GCC_WARN_64_TO_32_BIT_CONVERSION = YES;
				GCC_WARN_ABOUT_RETURN_TYPE = YES_ERROR;
				GCC_WARN_UNDECLARED_SELECTOR = YES;
				GCC_WARN_UNINITIALIZED_AUTOS = YES_AGGRESSIVE;
				GCC_WARN_UNUSED_FUNCTION = YES;
				GCC_WARN_UNUSED_VARIABLE = YES;
				IPHONEOS_DEPLOYMENT_TARGET = 11.4;
				MTL_ENABLE_DEBUG_INFO = YES;
				ONLY_ACTIVE_ARCH = YES;
				SDKROOT = iphoneos;
				SWIFT_ACTIVE_COMPILATION_CONDITIONS = DEBUG;
				SWIFT_OPTIMIZATION_LEVEL = "-Onone";
			};
			name = Debug;
		};
		616A981E2125CCCC001FB9B8 /* Release */ = {
			isa = XCBuildConfiguration;
			buildSettings = {
				ALWAYS_SEARCH_USER_PATHS = NO;
				CLANG_ANALYZER_NONNULL = YES;
				CLANG_ANALYZER_NUMBER_OBJECT_CONVERSION = YES_AGGRESSIVE;
				CLANG_CXX_LANGUAGE_STANDARD = "gnu++14";
				CLANG_CXX_LIBRARY = "libc++";
				CLANG_ENABLE_MODULES = YES;
				CLANG_ENABLE_OBJC_ARC = YES;
				CLANG_ENABLE_OBJC_WEAK = YES;
				CLANG_WARN_BLOCK_CAPTURE_AUTORELEASING = YES;
				CLANG_WARN_BOOL_CONVERSION = YES;
				CLANG_WARN_COMMA = YES;
				CLANG_WARN_CONSTANT_CONVERSION = YES;
				CLANG_WARN_DEPRECATED_OBJC_IMPLEMENTATIONS = YES;
				CLANG_WARN_DIRECT_OBJC_ISA_USAGE = YES_ERROR;
				CLANG_WARN_DOCUMENTATION_COMMENTS = YES;
				CLANG_WARN_EMPTY_BODY = YES;
				CLANG_WARN_ENUM_CONVERSION = YES;
				CLANG_WARN_INFINITE_RECURSION = YES;
				CLANG_WARN_INT_CONVERSION = YES;
				CLANG_WARN_NON_LITERAL_NULL_CONVERSION = YES;
				CLANG_WARN_OBJC_IMPLICIT_RETAIN_SELF = YES;
				CLANG_WARN_OBJC_LITERAL_CONVERSION = YES;
				CLANG_WARN_OBJC_ROOT_CLASS = YES_ERROR;
				CLANG_WARN_RANGE_LOOP_ANALYSIS = YES;
				CLANG_WARN_STRICT_PROTOTYPES = YES;
				CLANG_WARN_SUSPICIOUS_MOVE = YES;
				CLANG_WARN_UNGUARDED_AVAILABILITY = YES_AGGRESSIVE;
				CLANG_WARN_UNREACHABLE_CODE = YES;
				CLANG_WARN__DUPLICATE_METHOD_MATCH = YES;
				CODE_SIGN_IDENTITY = "iPhone Developer";
				COPY_PHASE_STRIP = NO;
				DEBUG_INFORMATION_FORMAT = "dwarf-with-dsym";
				ENABLE_NS_ASSERTIONS = NO;
				ENABLE_STRICT_OBJC_MSGSEND = YES;
				GCC_C_LANGUAGE_STANDARD = gnu11;
				GCC_NO_COMMON_BLOCKS = YES;
				GCC_WARN_64_TO_32_BIT_CONVERSION = YES;
				GCC_WARN_ABOUT_RETURN_TYPE = YES_ERROR;
				GCC_WARN_UNDECLARED_SELECTOR = YES;
				GCC_WARN_UNINITIALIZED_AUTOS = YES_AGGRESSIVE;
				GCC_WARN_UNUSED_FUNCTION = YES;
				GCC_WARN_UNUSED_VARIABLE = YES;
				IPHONEOS_DEPLOYMENT_TARGET = 11.4;
				MTL_ENABLE_DEBUG_INFO = NO;
				SDKROOT = iphoneos;
				SWIFT_COMPILATION_MODE = wholemodule;
				SWIFT_OPTIMIZATION_LEVEL = "-O";
				VALIDATE_PRODUCT = YES;
			};
			name = Release;
		};
		616A98202125CCCC001FB9B8 /* Debug */ = {
			isa = XCBuildConfiguration;
			buildSettings = {
				ASSETCATALOG_COMPILER_APPICON_NAME = AppIcon;
				CODE_SIGN_STYLE = Automatic;
				DEVELOPMENT_TEAM = RU4XN4MD8E;
				INFOPLIST_FILE = WeakWords/Info.plist;
				LD_RUNPATH_SEARCH_PATHS = (
					"$(inherited)",
					"@executable_path/Frameworks",
				);
				PRODUCT_BUNDLE_IDENTIFIER = TC.WeakWords;
				PRODUCT_NAME = "$(TARGET_NAME)";
				SWIFT_VERSION = 4.0;
				TARGETED_DEVICE_FAMILY = "1,2";
			};
			name = Debug;
		};
		616A98212125CCCC001FB9B8 /* Release */ = {
			isa = XCBuildConfiguration;
			buildSettings = {
				ASSETCATALOG_COMPILER_APPICON_NAME = AppIcon;
				CODE_SIGN_STYLE = Automatic;
				DEVELOPMENT_TEAM = RU4XN4MD8E;
				INFOPLIST_FILE = WeakWords/Info.plist;
				LD_RUNPATH_SEARCH_PATHS = (
					"$(inherited)",
					"@executable_path/Frameworks",
				);
				PRODUCT_BUNDLE_IDENTIFIER = TC.WeakWords;
				PRODUCT_NAME = "$(TARGET_NAME)";
				SWIFT_VERSION = 4.0;
				TARGETED_DEVICE_FAMILY = "1,2";
			};
			name = Release;
		};
/* End XCBuildConfiguration section */

/* Begin XCConfigurationList section */
		616A98082125CCCA001FB9B8 /* Build configuration list for PBXProject "WeakWords" */ = {
			isa = XCConfigurationList;
			buildConfigurations = (
				616A981D2125CCCC001FB9B8 /* Debug */,
				616A981E2125CCCC001FB9B8 /* Release */,
			);
			defaultConfigurationIsVisible = 0;
			defaultConfigurationName = Release;
		};
		616A981F2125CCCC001FB9B8 /* Build configuration list for PBXNativeTarget "WeakWords" */ = {
			isa = XCConfigurationList;
			buildConfigurations = (
				616A98202125CCCC001FB9B8 /* Debug */,
				616A98212125CCCC001FB9B8 /* Release */,
			);
			defaultConfigurationIsVisible = 0;
			defaultConfigurationName = Release;
		};
/* End XCConfigurationList section */
	};
	rootObject = 616A98052125CCCA001FB9B8 /* Project object */;
}
